# This file is autogenerated, do not edit; changes may be undone by the next 'dep ensure'.


[[projects]]
  name = "github.com/bitly/go-simplejson"
  packages = ["."]
  revision = "aabad6e819789e569bd6aabf444c935aa9ba1e44"
  version = "v0.5.0"

[[projects]]
  branch = "master"
  name = "github.com/customerio/gospec"
  packages = ["."]
  revision = "a5cc0e48aa393147b3fc264d3b9582b69ea2733d"

[[projects]]
  name = "github.com/garyburd/redigo"
  packages = ["internal","redis"]
  revision = "34a326de1fea52965fa5ad664d3fc7163dd4b0a1"
  version = "v1.2.0"

[solve-meta]
  analyzer-name = "dep"
  analyzer-version = 1
  inputs-digest = "d05967babd4b751e99afcefd6ce85ffd6299ad787cc90986f38aeff21e5172dc"
  solver-name = "gps-cdcl"
  solver-version = 1
